# This file is @generated by PDM.
# It is not intended for manual editing.

[metadata]
groups = ["default", "browser", "code", "rich"]
strategy = []
lock_version = "4.5.0"
content_hash = "sha256:6329373671bf2482bb5a4e94a9fa2c9f27a646391cc18011e4c2e4e2fa7c58fd"

[[metadata.targets]]
requires_python = ">=3.10"

[[package]]
name = "aisuite"
version = "0.1.11"
summary = ""
dependencies = [
    "httpx",
]
files = [
    {file = "aisuite-0.1.11-py3-none-any.whl", hash = "sha256:14293e9b7d81268dabe9b1cbb41cab64ca6c0272b52166213a7fa80196140d7c"},
    {file = "aisuite-0.1.11.tar.gz", hash = "sha256:27260075f8502b9cb40ef476cae29544e39316bbf4b4318464eb4c728e72146a"},
]

[[package]]
name = "annotated-types"
version = "0.7.0"
summary = ""
files = [
    {file = "annotated_types-0.7.0-py3-none-any.whl", hash = "sha256:1f02e8b43a8fbbc3f3e0d4f0f4bfc8131bcb4eebe8849b8e5c773f3a1c582a53"},
    {file = "annotated_types-0.7.0.tar.gz", hash = "sha256:aff07c09a53a08bc8cfccb9c85b05f1aa9a2a6f23728d790723543408344ce89"},
]

[[package]]
name = "anyio"
version = "4.9.0"
summary = ""
dependencies = [
    "exceptiongroup; python_full_version < \"3.11\"",
    "idna",
    "sniffio",
    "typing-extensions; python_full_version < \"3.13\"",
]
files = [
    {file = "anyio-4.9.0-py3-none-any.whl", hash = "sha256:9f76d541cad6e36af7beb62e978876f3b41e3e04f2c1fbf0884604c0a9c4d93c"},
    {file = "anyio-4.9.0.tar.gz", hash = "sha256:673c0c244e15788651a4ff38710fea9675823028a6f08a5eda409e0c9840a028"},
]

[[package]]
name = "blinker"
version = "1.9.0"
summary = ""
files = [
    {file = "blinker-1.9.0-py3-none-any.whl", hash = "sha256:ba0efaa9080b619ff2f3459d1d500c57bddea4a6b424b60a91141db6fd2f08bc"},
    {file = "blinker-1.9.0.tar.gz", hash = "sha256:b4ce2265a7abece45e7cc896e98dbebe6cead56bcf805a3d23136d145f5445bf"},
]

[[package]]
name = "certifi"
version = "2025.1.31"
summary = ""
files = [
    {file = "certifi-2025.1.31-py3-none-any.whl", hash = "sha256:ca78db4565a652026a4db2bcdf68f2fb589ea80d0be70e03929ed730746b84fe"},
    {file = "certifi-2025.1.31.tar.gz", hash = "sha256:3d5da6925056f6f18f119200434a4780a94263f10d1c21d032a6f6b2baa20651"},
]

[[package]]
name = "click"
version = "8.1.8"
summary = ""
dependencies = [
    "colorama; platform_system == \"Windows\"",
]
files = [
    {file = "click-8.1.8-py3-none-any.whl", hash = "sha256:63c132bbbed01578a06712a2d1f497bb62d9c1c0d329b7903a866228027263b2"},
    {file = "click-8.1.8.tar.gz", hash = "sha256:ed53c9d8990d83c2a27deae68e4ee337473f6330c040a31d4225c9574d16096a"},
]

[[package]]
name = "colorama"
version = "0.4.6"
summary = ""
files = [
    {file = "colorama-0.4.6-py2.py3-none-any.whl", hash = "sha256:4f1d9991f5acc0ca119f9d443620b77f9d6b33703e51011c16baf57afb285fc6"},
    {file = "colorama-0.4.6.tar.gz", hash = "sha256:08695f5cb7ed6e0531a20572697297273c47b8cae5a63ffc6d6ed5c201be6e44"},
]

[[package]]
name = "distro"
version = "1.9.0"
summary = ""
files = [
    {file = "distro-1.9.0-py3-none-any.whl", hash = "sha256:7bffd925d65168f85027d8da9af6bddab658135b840670a223589bc0c8ef02b2"},
    {file = "distro-1.9.0.tar.gz", hash = "sha256:2fa77c6fd8940f116ee1d6b94a2f90b13b5ea8d019b98bc8bafdcabcdd9bdbed"},
]

[[package]]
name = "docstring-parser"
version = "0.16"
summary = ""
files = [
    {file = "docstring_parser-0.16-py3-none-any.whl", hash = "sha256:bf0a1387354d3691d102edef7ec124f219ef639982d096e26e3b60aeffa90637"},
    {file = "docstring_parser-0.16.tar.gz", hash = "sha256:538beabd0af1e2db0146b6bd3caa526c35a34d61af9fd2887f3a8a27a739aa6e"},
]

[[package]]
name = "exceptiongroup"
version = "1.2.2"
summary = ""
files = [
    {file = "exceptiongroup-1.2.2-py3-none-any.whl", hash = "sha256:3111b9d131c238bec2f8f516e123e14ba243563fb135d3fe885990585aa7795b"},
    {file = "exceptiongroup-1.2.2.tar.gz", hash = "sha256:47c2edf7c6738fafb49fd34290706d1a1a2f4d1c6df275526b62cbb4aa5393cc"},
]

[[package]]
name = "greenlet"
version = "3.1.1"
summary = ""
files = [
    {file = "greenlet-3.1.1-cp310-cp310-macosx_11_0_universal2.whl", hash = "sha256:0bbae94a29c9e5c7e4a2b7f0aae5c17e8e90acbfd3bf6270eeba60c39fce3563"},
    {file = "greenlet-3.1.1-cp310-cp310-manylinux_2_17_aarch64.manylinux2014_aarch64.whl", hash = "sha256:0fde093fb93f35ca72a556cf72c92ea3ebfda3d79fc35bb19fbe685853869a83"},
    {file = "greenlet-3.1.1-cp310-cp310-manylinux_2_17_ppc64le.manylinux2014_ppc64le.whl", hash = "sha256:36b89d13c49216cadb828db8dfa6ce86bbbc476a82d3a6c397f0efae0525bdd0"},
    {file = "greenlet-3.1.1-cp310-cp310-manylinux_2_17_s390x.manylinux2014_s390x.whl", hash = "sha256:94b6150a85e1b33b40b1464a3f9988dcc5251d6ed06842abff82e42632fac120"},
    {file = "greenlet-3.1.1-cp310-cp310-manylinux_2_17_x86_64.manylinux2014_x86_64.whl", hash = "sha256:93147c513fac16385d1036b7e5b102c7fbbdb163d556b791f0f11eada7ba65dc"},
    {file = "greenlet-3.1.1-cp310-cp310-manylinux_2_24_x86_64.manylinux_2_28_x86_64.whl", hash = "sha256:da7a9bff22ce038e19bf62c4dd1ec8391062878710ded0a845bcf47cc0200617"},
    {file = "greenlet-3.1.1-cp310-cp310-musllinux_1_1_aarch64.whl", hash = "sha256:b2795058c23988728eec1f36a4e5e4ebad22f8320c85f3587b539b9ac84128d7"},
    {file = "greenlet-3.1.1-cp310-cp310-musllinux_1_1_x86_64.whl", hash = "sha256:ed10eac5830befbdd0c32f83e8aa6288361597550ba669b04c48f0f9a2c843c6"},
    {file = "greenlet-3.1.1-cp310-cp310-win_amd64.whl", hash = "sha256:77c386de38a60d1dfb8e55b8c1101d68c79dfdd25c7095d51fec2dd800892b80"},
    {file = "greenlet-3.1.1-cp311-cp311-macosx_11_0_universal2.whl", hash = "sha256:e4d333e558953648ca09d64f13e6d8f0523fa705f51cae3f03b5983489958c70"},
    {file = "greenlet-3.1.1-cp311-cp311-manylinux_2_17_aarch64.manylinux2014_aarch64.whl", hash = "sha256:09fc016b73c94e98e29af67ab7b9a879c307c6731a2c9da0db5a7d9b7edd1159"},
    {file = "greenlet-3.1.1-cp311-cp311-manylinux_2_17_ppc64le.manylinux2014_ppc64le.whl", hash = "sha256:d5e975ca70269d66d17dd995dafc06f1b06e8cb1ec1e9ed54c1d1e4a7c4cf26e"},
    {file = "greenlet-3.1.1-cp311-cp311-manylinux_2_17_s390x.manylinux2014_s390x.whl", hash = "sha256:3b2813dc3de8c1ee3f924e4d4227999285fd335d1bcc0d2be6dc3f1f6a318ec1"},
    {file = "greenlet-3.1.1-cp311-cp311-manylinux_2_17_x86_64.manylinux2014_x86_64.whl", hash = "sha256:e347b3bfcf985a05e8c0b7d462ba6f15b1ee1c909e2dcad795e49e91b152c383"},
    {file = "greenlet-3.1.1-cp311-cp311-manylinux_2_24_x86_64.manylinux_2_28_x86_64.whl", hash = "sha256:9e8f8c9cb53cdac7ba9793c276acd90168f416b9ce36799b9b885790f8ad6c0a"},
    {file = "greenlet-3.1.1-cp311-cp311-musllinux_1_1_aarch64.whl", hash = "sha256:62ee94988d6b4722ce0028644418d93a52429e977d742ca2ccbe1c4f4a792511"},
    {file = "greenlet-3.1.1-cp311-cp311-musllinux_1_1_x86_64.whl", hash = "sha256:1776fd7f989fc6b8d8c8cb8da1f6b82c5814957264d1f6cf818d475ec2bf6395"},
    {file = "greenlet-3.1.1-cp311-cp311-win_amd64.whl", hash = "sha256:48ca08c771c268a768087b408658e216133aecd835c0ded47ce955381105ba39"},
    {file = "greenlet-3.1.1-cp312-cp312-macosx_11_0_universal2.whl", hash = "sha256:4afe7ea89de619adc868e087b4d2359282058479d7cfb94970adf4b55284574d"},
    {file = "greenlet-3.1.1-cp312-cp312-manylinux_2_17_aarch64.manylinux2014_aarch64.whl", hash = "sha256:f406b22b7c9a9b4f8aa9d2ab13d6ae0ac3e85c9a809bd590ad53fed2bf70dc79"},
    {file = "greenlet-3.1.1-cp312-cp312-manylinux_2_17_ppc64le.manylinux2014_ppc64le.whl", hash = "sha256:c3a701fe5a9695b238503ce5bbe8218e03c3bcccf7e204e455e7462d770268aa"},
    {file = "greenlet-3.1.1-cp312-cp312-manylinux_2_17_s390x.manylinux2014_s390x.whl", hash = "sha256:2846930c65b47d70b9d178e89c7e1a69c95c1f68ea5aa0a58646b7a96df12441"},
    {file = "greenlet-3.1.1-cp312-cp312-manylinux_2_17_x86_64.manylinux2014_x86_64.whl", hash = "sha256:99cfaa2110534e2cf3ba31a7abcac9d328d1d9f1b95beede58294a60348fba36"},
    {file = "greenlet-3.1.1-cp312-cp312-manylinux_2_24_x86_64.manylinux_2_28_x86_64.whl", hash = "sha256:1443279c19fca463fc33e65ef2a935a5b09bb90f978beab37729e1c3c6c25fe9"},
    {file = "greenlet-3.1.1-cp312-cp312-musllinux_1_1_aarch64.whl", hash = "sha256:b7cede291382a78f7bb5f04a529cb18e068dd29e0fb27376074b6d0317bf4dd0"},
    {file = "greenlet-3.1.1-cp312-cp312-musllinux_1_1_x86_64.whl", hash = "sha256:23f20bb60ae298d7d8656c6ec6db134bca379ecefadb0b19ce6f19d1f232a942"},
    {file = "greenlet-3.1.1-cp312-cp312-win_amd64.whl", hash = "sha256:7124e16b4c55d417577c2077be379514321916d5790fa287c9ed6f23bd2ffd01"},
    {file = "greenlet-3.1.1-cp313-cp313-macosx_11_0_universal2.whl", hash = "sha256:05175c27cb459dcfc05d026c4232f9de8913ed006d42713cb8a5137bd49375f1"},
    {file = "greenlet-3.1.1-cp313-cp313-manylinux_2_17_aarch64.manylinux2014_aarch64.whl", hash = "sha256:935e943ec47c4afab8965954bf49bfa639c05d4ccf9ef6e924188f762145c0ff"},
    {file = "greenlet-3.1.1-cp313-cp313-manylinux_2_17_ppc64le.manylinux2014_ppc64le.whl", hash = "sha256:667a9706c970cb552ede35aee17339a18e8f2a87a51fba2ed39ceeeb1004798a"},
    {file = "greenlet-3.1.1-cp313-cp313-manylinux_2_17_s390x.manylinux2014_s390x.whl", hash = "sha256:b8a678974d1f3aa55f6cc34dc480169d58f2e6d8958895d68845fa4ab566509e"},
    {file = "greenlet-3.1.1-cp313-cp313-manylinux_2_17_x86_64.manylinux2014_x86_64.whl", hash = "sha256:efc0f674aa41b92da8c49e0346318c6075d734994c3c4e4430b1c3f853e498e4"},
    {file = "greenlet-3.1.1-cp313-cp313-manylinux_2_24_x86_64.manylinux_2_28_x86_64.whl", hash = "sha256:0153404a4bb921f0ff1abeb5ce8a5131da56b953eda6e14b88dc6bbc04d2049e"},
    {file = "greenlet-3.1.1-cp313-cp313-musllinux_1_1_aarch64.whl", hash = "sha256:275f72decf9932639c1c6dd1013a1bc266438eb32710016a1c742df5da6e60a1"},
    {file = "greenlet-3.1.1-cp313-cp313-musllinux_1_1_x86_64.whl", hash = "sha256:c4aab7f6381f38a4b42f269057aee279ab0fc7bf2e929e3d4abfae97b682a12c"},
    {file = "greenlet-3.1.1-cp313-cp313-win_amd64.whl", hash = "sha256:b42703b1cf69f2aa1df7d1030b9d77d3e584a70755674d60e710f0af570f3761"},
    {file = "greenlet-3.1.1-cp313-cp313t-manylinux_2_17_aarch64.manylinux2014_aarch64.whl", hash = "sha256:f1695e76146579f8c06c1509c7ce4dfe0706f49c6831a817ac04eebb2fd02011"},
    {file = "greenlet-3.1.1-cp313-cp313t-manylinux_2_17_ppc64le.manylinux2014_ppc64le.whl", hash = "sha256:7876452af029456b3f3549b696bb36a06db7c90747740c5302f74a9e9fa14b13"},
    {file = "greenlet-3.1.1-cp313-cp313t-manylinux_2_17_s390x.manylinux2014_s390x.whl", hash = "sha256:4ead44c85f8ab905852d3de8d86f6f8baf77109f9da589cb4fa142bd3b57b475"},
    {file = "greenlet-3.1.1-cp313-cp313t-manylinux_2_17_x86_64.manylinux2014_x86_64.whl", hash = "sha256:8320f64b777d00dd7ccdade271eaf0cad6636343293a25074cc5566160e4de7b"},
    {file = "greenlet-3.1.1-cp313-cp313t-manylinux_2_24_x86_64.manylinux_2_28_x86_64.whl", hash = "sha256:6510bf84a6b643dabba74d3049ead221257603a253d0a9873f55f6a59a65f822"},
    {file = "greenlet-3.1.1-cp313-cp313t-musllinux_1_1_aarch64.whl", hash = "sha256:04b013dc07c96f83134b1e99888e7a79979f1a247e2a9f59697fa14b5862ed01"},
    {file = "greenlet-3.1.1-cp313-cp313t-musllinux_1_1_x86_64.whl", hash = "sha256:411f015496fec93c1c8cd4e5238da364e1da7a124bcb293f085bf2860c32c6f6"},
    {file = "greenlet-3.1.1.tar.gz", hash = "sha256:4ce3ac6cdb6adf7946475d7ef31777c26d94bccc377e070a7986bd2d5c515467"},
]

[[package]]
name = "h11"
version = "0.14.0"
summary = ""
files = [
    {file = "h11-0.14.0-py3-none-any.whl", hash = "sha256:e3fe4ac4b851c468cc8363d500db52c2ead036020723024a109d37346efaa761"},
    {file = "h11-0.14.0.tar.gz", hash = "sha256:8f19fbbe99e72420ff35c00b27a34cb9937e902a8b810e2c88300c6f0a3b699d"},
]

[[package]]
name = "httpcore"
version = "1.0.7"
summary = ""
dependencies = [
    "certifi",
    "h11",
]
files = [
    {file = "httpcore-1.0.7-py3-none-any.whl", hash = "sha256:a3fff8f43dc260d5bd363d9f9cf1830fa3a458b332856f34282de498ed420edd"},
    {file = "httpcore-1.0.7.tar.gz", hash = "sha256:8551cb62a169ec7162ac7be8d4817d561f60e08eaa485234898414bb5a8a0b4c"},
]

[[package]]
name = "httpx"
version = "0.27.2"
summary = ""
dependencies = [
    "anyio",
    "certifi",
    "httpcore",
    "idna",
    "sniffio",
]
files = [
    {file = "httpx-0.27.2-py3-none-any.whl", hash = "sha256:7bb2708e112d8fdd7829cd4243970f0c223274051cb35ee80c03301ee29a3df0"},
    {file = "httpx-0.27.2.tar.gz", hash = "sha256:f7c2be1d2f3c3c3160d441802406b206c2b76f5947b11115e6df10c6c65e66c2"},
]

[[package]]
name = "httpx-sse"
version = "0.4.0"
summary = ""
files = [
    {file = "httpx-sse-0.4.0.tar.gz", hash = "sha256:1e81a3a3070ce322add1d3529ed42eb5f70817f45ed6ec915ab753f961139721"},
    {file = "httpx_sse-0.4.0-py3-none-any.whl", hash = "sha256:f329af6eae57eaa2bdfd962b42524764af68075ea87370a2de920af5341e318f"},
]

[[package]]
name = "idna"
version = "3.10"
summary = ""
files = [
    {file = "idna-3.10-py3-none-any.whl", hash = "sha256:946d195a0d259cbba61165e88e65941f16e9b36ea6ddb97f00452bae8b1287d3"},
    {file = "idna-3.10.tar.gz", hash = "sha256:12f65c9b470abda6dc35cf8e63cc574b1c52b11df2c86030af0ac09b01b13ea9"},
]

[[package]]
name = "jiter"
version = "0.9.0"
summary = ""
files = [
    {file = "jiter-0.9.0-cp310-cp310-macosx_10_12_x86_64.whl", hash = "sha256:816ec9b60fdfd1fec87da1d7ed46c66c44ffec37ab2ef7de5b147b2fce3fd5ad"},
    {file = "jiter-0.9.0-cp310-cp310-macosx_11_0_arm64.whl", hash = "sha256:9b1d3086f8a3ee0194ecf2008cf81286a5c3e540d977fa038ff23576c023c0ea"},
    {file = "jiter-0.9.0-cp310-cp310-manylinux_2_17_aarch64.manylinux2014_aarch64.whl", hash = "sha256:1339f839b91ae30b37c409bf16ccd3dc453e8b8c3ed4bd1d6a567193651a4a51"},
    {file = "jiter-0.9.0-cp310-cp310-manylinux_2_17_armv7l.manylinux2014_armv7l.whl", hash = "sha256:ffba79584b3b670fefae66ceb3a28822365d25b7bf811e030609a3d5b876f538"},
    {file = "jiter-0.9.0-cp310-cp310-manylinux_2_17_ppc64le.manylinux2014_ppc64le.whl", hash = "sha256:5cfc7d0a8e899089d11f065e289cb5b2daf3d82fbe028f49b20d7b809193958d"},
    {file = "jiter-0.9.0-cp310-cp310-manylinux_2_17_s390x.manylinux2014_s390x.whl", hash = "sha256:e00a1a2bbfaaf237e13c3d1592356eab3e9015d7efd59359ac8b51eb56390a12"},
    {file = "jiter-0.9.0-cp310-cp310-manylinux_2_17_x86_64.manylinux2014_x86_64.whl", hash = "sha256:d1d9870561eb26b11448854dce0ff27a9a27cb616b632468cafc938de25e9e51"},
    {file = "jiter-0.9.0-cp310-cp310-manylinux_2_5_i686.manylinux1_i686.whl", hash = "sha256:9872aeff3f21e437651df378cb75aeb7043e5297261222b6441a620218b58708"},
    {file = "jiter-0.9.0-cp310-cp310-musllinux_1_1_aarch64.whl", hash = "sha256:1fd19112d1049bdd47f17bfbb44a2c0001061312dcf0e72765bfa8abd4aa30e5"},
    {file = "jiter-0.9.0-cp310-cp310-musllinux_1_1_x86_64.whl", hash = "sha256:6ef5da104664e526836070e4a23b5f68dec1cc673b60bf1edb1bfbe8a55d0678"},
    {file = "jiter-0.9.0-cp310-cp310-win32.whl", hash = "sha256:cb12e6d65ebbefe5518de819f3eda53b73187b7089040b2d17f5b39001ff31c4"},
    {file = "jiter-0.9.0-cp310-cp310-win_amd64.whl", hash = "sha256:c43ca669493626d8672be3b645dbb406ef25af3f4b6384cfd306da7eb2e70322"},
    {file = "jiter-0.9.0-cp311-cp311-macosx_10_12_x86_64.whl", hash = "sha256:6c4d99c71508912a7e556d631768dcdef43648a93660670986916b297f1c54af"},
    {file = "jiter-0.9.0-cp311-cp311-macosx_11_0_arm64.whl", hash = "sha256:8f60fb8ce7df529812bf6c625635a19d27f30806885139e367af93f6e734ef58"},
    {file = "jiter-0.9.0-cp311-cp311-manylinux_2_17_aarch64.manylinux2014_aarch64.whl", hash = "sha256:51c4e1a4f8ea84d98b7b98912aa4290ac3d1eabfde8e3c34541fae30e9d1f08b"},
    {file = "jiter-0.9.0-cp311-cp311-manylinux_2_17_armv7l.manylinux2014_armv7l.whl", hash = "sha256:5f4c677c424dc76684fea3e7285a7a2a7493424bea89ac441045e6a1fb1d7b3b"},
    {file = "jiter-0.9.0-cp311-cp311-manylinux_2_17_ppc64le.manylinux2014_ppc64le.whl", hash = "sha256:2221176dfec87f3470b21e6abca056e6b04ce9bff72315cb0b243ca9e835a4b5"},
    {file = "jiter-0.9.0-cp311-cp311-manylinux_2_17_s390x.manylinux2014_s390x.whl", hash = "sha256:3c7adb66f899ffa25e3c92bfcb593391ee1947dbdd6a9a970e0d7e713237d572"},
    {file = "jiter-0.9.0-cp311-cp311-manylinux_2_17_x86_64.manylinux2014_x86_64.whl", hash = "sha256:c98d27330fdfb77913c1097a7aab07f38ff2259048949f499c9901700789ac15"},
    {file = "jiter-0.9.0-cp311-cp311-manylinux_2_5_i686.manylinux1_i686.whl", hash = "sha256:eda3f8cc74df66892b1d06b5d41a71670c22d95a1ca2cbab73654745ce9d0419"},
    {file = "jiter-0.9.0-cp311-cp311-musllinux_1_1_aarch64.whl", hash = "sha256:dd5ab5ddc11418dce28343123644a100f487eaccf1de27a459ab36d6cca31043"},
    {file = "jiter-0.9.0-cp311-cp311-musllinux_1_1_x86_64.whl", hash = "sha256:42f8a68a69f047b310319ef8e2f52fdb2e7976fb3313ef27df495cf77bcad965"},
    {file = "jiter-0.9.0-cp311-cp311-win32.whl", hash = "sha256:a25519efb78a42254d59326ee417d6f5161b06f5da827d94cf521fed961b1ff2"},
    {file = "jiter-0.9.0-cp311-cp311-win_amd64.whl", hash = "sha256:923b54afdd697dfd00d368b7ccad008cccfeb1efb4e621f32860c75e9f25edbd"},
    {file = "jiter-0.9.0-cp312-cp312-macosx_10_12_x86_64.whl", hash = "sha256:7b46249cfd6c48da28f89eb0be3f52d6fdb40ab88e2c66804f546674e539ec11"},
    {file = "jiter-0.9.0-cp312-cp312-macosx_11_0_arm64.whl", hash = "sha256:609cf3c78852f1189894383cf0b0b977665f54cb38788e3e6b941fa6d982c00e"},
    {file = "jiter-0.9.0-cp312-cp312-manylinux_2_17_aarch64.manylinux2014_aarch64.whl", hash = "sha256:d726a3890a54561e55a9c5faea1f7655eda7f105bd165067575ace6e65f80bb2"},
    {file = "jiter-0.9.0-cp312-cp312-manylinux_2_17_armv7l.manylinux2014_armv7l.whl", hash = "sha256:2e89dc075c1fef8fa9be219e249f14040270dbc507df4215c324a1839522ea75"},
    {file = "jiter-0.9.0-cp312-cp312-manylinux_2_17_ppc64le.manylinux2014_ppc64le.whl", hash = "sha256:04e8ffa3c353b1bc4134f96f167a2082494351e42888dfcf06e944f2729cbe1d"},
    {file = "jiter-0.9.0-cp312-cp312-manylinux_2_17_s390x.manylinux2014_s390x.whl", hash = "sha256:203f28a72a05ae0e129b3ed1f75f56bc419d5f91dfacd057519a8bd137b00c42"},
    {file = "jiter-0.9.0-cp312-cp312-manylinux_2_17_x86_64.manylinux2014_x86_64.whl", hash = "sha256:fca1a02ad60ec30bb230f65bc01f611c8608b02d269f998bc29cca8619a919dc"},
    {file = "jiter-0.9.0-cp312-cp312-manylinux_2_5_i686.manylinux1_i686.whl", hash = "sha256:237e5cee4d5d2659aaf91bbf8ec45052cc217d9446070699441a91b386ae27dc"},
    {file = "jiter-0.9.0-cp312-cp312-musllinux_1_1_aarch64.whl", hash = "sha256:528b6b71745e7326eed73c53d4aa57e2a522242320b6f7d65b9c5af83cf49b6e"},
    {file = "jiter-0.9.0-cp312-cp312-musllinux_1_1_x86_64.whl", hash = "sha256:9f48e86b57bc711eb5acdfd12b6cb580a59cc9a993f6e7dcb6d8b50522dcd50d"},
    {file = "jiter-0.9.0-cp312-cp312-win32.whl", hash = "sha256:699edfde481e191d81f9cf6d2211debbfe4bd92f06410e7637dffb8dd5dfde06"},
    {file = "jiter-0.9.0-cp312-cp312-win_amd64.whl", hash = "sha256:099500d07b43f61d8bd780466d429c45a7b25411b334c60ca875fa775f68ccb0"},
    {file = "jiter-0.9.0-cp313-cp313-macosx_10_12_x86_64.whl", hash = "sha256:2764891d3f3e8b18dce2cff24949153ee30c9239da7c00f032511091ba688ff7"},
    {file = "jiter-0.9.0-cp313-cp313-macosx_11_0_arm64.whl", hash = "sha256:387b22fbfd7a62418d5212b4638026d01723761c75c1c8232a8b8c37c2f1003b"},
    {file = "jiter-0.9.0-cp313-cp313-manylinux_2_17_aarch64.manylinux2014_aarch64.whl", hash = "sha256:40d8da8629ccae3606c61d9184970423655fb4e33d03330bcdfe52d234d32f69"},
    {file = "jiter-0.9.0-cp313-cp313-manylinux_2_17_armv7l.manylinux2014_armv7l.whl", hash = "sha256:a1be73d8982bdc278b7b9377426a4b44ceb5c7952073dd7488e4ae96b88e1103"},
    {file = "jiter-0.9.0-cp313-cp313-manylinux_2_17_ppc64le.manylinux2014_ppc64le.whl", hash = "sha256:2228eaaaa111ec54b9e89f7481bffb3972e9059301a878d085b2b449fbbde635"},
    {file = "jiter-0.9.0-cp313-cp313-manylinux_2_17_s390x.manylinux2014_s390x.whl", hash = "sha256:11509bfecbc319459647d4ac3fd391d26fdf530dad00c13c4dadabf5b81f01a4"},
    {file = "jiter-0.9.0-cp313-cp313-manylinux_2_17_x86_64.manylinux2014_x86_64.whl", hash = "sha256:3f22238da568be8bbd8e0650e12feeb2cfea15eda4f9fc271d3b362a4fa0604d"},
    {file = "jiter-0.9.0-cp313-cp313-manylinux_2_5_i686.manylinux1_i686.whl", hash = "sha256:17f5d55eb856597607562257c8e36c42bc87f16bef52ef7129b7da11afc779f3"},
    {file = "jiter-0.9.0-cp313-cp313-musllinux_1_1_aarch64.whl", hash = "sha256:6a99bed9fbb02f5bed416d137944419a69aa4c423e44189bc49718859ea83bc5"},
    {file = "jiter-0.9.0-cp313-cp313-musllinux_1_1_x86_64.whl", hash = "sha256:e057adb0cd1bd39606100be0eafe742de2de88c79df632955b9ab53a086b3c8d"},
    {file = "jiter-0.9.0-cp313-cp313-win32.whl", hash = "sha256:f7e6850991f3940f62d387ccfa54d1a92bd4bb9f89690b53aea36b4364bcab53"},
    {file = "jiter-0.9.0-cp313-cp313-win_amd64.whl", hash = "sha256:c8ae3bf27cd1ac5e6e8b7a27487bf3ab5f82318211ec2e1346a5b058756361f7"},
    {file = "jiter-0.9.0-cp313-cp313t-macosx_11_0_arm64.whl", hash = "sha256:f0b2827fb88dda2cbecbbc3e596ef08d69bda06c6f57930aec8e79505dc17001"},
    {file = "jiter-0.9.0-cp313-cp313t-manylinux_2_17_x86_64.manylinux2014_x86_64.whl", hash = "sha256:062b756ceb1d40b0b28f326cba26cfd575a4918415b036464a52f08632731e5a"},
    {file = "jiter-0.9.0-cp313-cp313t-win_amd64.whl", hash = "sha256:6f7838bc467ab7e8ef9f387bd6de195c43bad82a569c1699cb822f6609dd4cdf"},
    {file = "jiter-0.9.0.tar.gz", hash = "sha256:aadba0964deb424daa24492abc3d229c60c4a31bfee205aedbf1acc7639d7893"},
]

[[package]]
name = "markdown-it-py"
version = "3.0.0"
summary = ""
dependencies = [
    "mdurl",
]
files = [
    {file = "markdown-it-py-3.0.0.tar.gz", hash = "sha256:e3f60a94fa066dc52ec76661e37c851cb232d92f9886b15cb560aaada2df8feb"},
    {file = "markdown_it_py-3.0.0-py3-none-any.whl", hash = "sha256:355216845c60bd96232cd8d8c40e8f9765cc86f46880e43a8fd22dc1a1a8cab1"},
]

[[package]]
name = "mcp"
version = "1.6.0"
summary = ""
dependencies = [
    "anyio",
    "httpx",
    "httpx-sse",
    "pydantic",
    "pydantic-settings",
    "sse-starlette",
    "starlette",
    "uvicorn",
]
files = [
    {file = "mcp-1.6.0-py3-none-any.whl", hash = "sha256:7bd24c6ea042dbec44c754f100984d186620d8b841ec30f1b19eda9b93a634d0"},
    {file = "mcp-1.6.0.tar.gz", hash = "sha256:d9324876de2c5637369f43161cd71eebfd803df5a95e46225cab8d280e366723"},
]

[[package]]
name = "mdurl"
version = "0.1.2"
summary = ""
files = [
    {file = "mdurl-0.1.2-py3-none-any.whl", hash = "sha256:84008a41e51615a49fc9966191ff91509e3c40b939176e643fd50a5c2196b8f8"},
    {file = "mdurl-0.1.2.tar.gz", hash = "sha256:bb413d29f5eea38f31dd4754dd7377d4465116fb207585f97bf925588687c1ba"},
]

[[package]]
name = "openai"
version = "1.71.0"
summary = ""
dependencies = [
    "anyio",
    "distro",
    "httpx",
    "jiter",
    "pydantic",
    "sniffio",
    "tqdm",
    "typing-extensions",
]
files = [
    {file = "openai-1.71.0-py3-none-any.whl", hash = "sha256:e1c643738f1fff1af52bce6ef06a7716c95d089281e7011777179614f32937aa"},
    {file = "openai-1.71.0.tar.gz", hash = "sha256:52b20bb990a1780f9b0b8ccebac93416343ebd3e4e714e3eff730336833ca207"},
]

[[package]]
name = "playwright"
version = "1.51.0"
summary = ""
dependencies = [
    "greenlet",
    "pyee",
]
files = [
    {file = "playwright-1.51.0-py3-none-macosx_10_13_x86_64.whl", hash = "sha256:bcaaa3d5d73bda659bfb9ff2a288b51e85a91bd89eda86eaf8186550973e416a"},
    {file = "playwright-1.51.0-py3-none-macosx_11_0_arm64.whl", hash = "sha256:2e0ae6eb44297b24738e1a6d9c580ca4243b4e21b7e65cf936a71492c08dd0d4"},
    {file = "playwright-1.51.0-py3-none-macosx_11_0_universal2.whl", hash = "sha256:ab4c0ff00bded52c946be60734868febc964c8a08a9b448d7c20cb3811c6521c"},
    {file = "playwright-1.51.0-py3-none-manylinux1_x86_64.whl", hash = "sha256:d5c9f67bc6ef49094618991c78a1466c5bac5ed09157660d78b8510b77f92746"},
    {file = "playwright-1.51.0-py3-none-manylinux_2_17_aarch64.manylinux2014_aarch64.whl", hash = "sha256:814e4ec2a1a0d6f6221f075622c06b31ceb2bdc6d622258cfefed900c01569ae"},
    {file = "playwright-1.51.0-py3-none-win32.whl", hash = "sha256:4cef804991867ea27f608b70fa288ee52a57651e22d02ab287f98f8620b9408c"},
    {file = "playwright-1.51.0-py3-none-win_amd64.whl", hash = "sha256:9ece9316c5d383aed1a207f079fc2d552fff92184f0ecf37cc596e912d00a8c3"},
]

[[package]]
name = "pydantic"
version = "2.11.2"
summary = ""
dependencies = [
    "annotated-types",
    "pydantic-core",
    "typing-extensions",
    "typing-inspection",
]
files = [
    {file = "pydantic-2.11.2-py3-none-any.whl", hash = "sha256:7f17d25846bcdf89b670a86cdfe7b29a9f1c9ca23dee154221c9aa81845cfca7"},
    {file = "pydantic-2.11.2.tar.gz", hash = "sha256:2138628e050bd7a1e70b91d4bf4a91167f4ad76fdb83209b107c8d84b854917e"},
]

[[package]]
name = "pydantic-core"
version = "2.33.1"
summary = ""
dependencies = [
    "typing-extensions",
]
files = [
    {file = "pydantic_core-2.33.1-cp310-cp310-macosx_10_12_x86_64.whl", hash = "sha256:3077cfdb6125cc8dab61b155fdd714663e401f0e6883f9632118ec12cf42df26"},
    {file = "pydantic_core-2.33.1-cp310-cp310-macosx_11_0_arm64.whl", hash = "sha256:8ffab8b2908d152e74862d276cf5017c81a2f3719f14e8e3e8d6b83fda863927"},
    {file = "pydantic_core-2.33.1-cp310-cp310-manylinux_2_17_aarch64.manylinux2014_aarch64.whl", hash = "sha256:5183e4f6a2d468787243ebcd70cf4098c247e60d73fb7d68d5bc1e1beaa0c4db"},
    {file = "pydantic_core-2.33.1-cp310-cp310-manylinux_2_17_armv7l.manylinux2014_armv7l.whl", hash = "sha256:398a38d323f37714023be1e0285765f0a27243a8b1506b7b7de87b647b517e48"},
    {file = "pydantic_core-2.33.1-cp310-cp310-manylinux_2_17_ppc64le.manylinux2014_ppc64le.whl", hash = "sha256:87d3776f0001b43acebfa86f8c64019c043b55cc5a6a2e313d728b5c95b46969"},
    {file = "pydantic_core-2.33.1-cp310-cp310-manylinux_2_17_s390x.manylinux2014_s390x.whl", hash = "sha256:c566dd9c5f63d22226409553531f89de0cac55397f2ab8d97d6f06cfce6d947e"},
    {file = "pydantic_core-2.33.1-cp310-cp310-manylinux_2_17_x86_64.manylinux2014_x86_64.whl", hash = "sha256:a0d5f3acc81452c56895e90643a625302bd6be351e7010664151cc55b7b97f89"},
    {file = "pydantic_core-2.33.1-cp310-cp310-manylinux_2_5_i686.manylinux1_i686.whl", hash = "sha256:d3a07fadec2a13274a8d861d3d37c61e97a816beae717efccaa4b36dfcaadcde"},
    {file = "pydantic_core-2.33.1-cp310-cp310-musllinux_1_1_aarch64.whl", hash = "sha256:f99aeda58dce827f76963ee87a0ebe75e648c72ff9ba1174a253f6744f518f65"},
    {file = "pydantic_core-2.33.1-cp310-cp310-musllinux_1_1_armv7l.whl", hash = "sha256:902dbc832141aa0ec374f4310f1e4e7febeebc3256f00dc359a9ac3f264a45dc"},
    {file = "pydantic_core-2.33.1-cp310-cp310-musllinux_1_1_x86_64.whl", hash = "sha256:fe44d56aa0b00d66640aa84a3cbe80b7a3ccdc6f0b1ca71090696a6d4777c091"},
    {file = "pydantic_core-2.33.1-cp310-cp310-win32.whl", hash = "sha256:ed3eb16d51257c763539bde21e011092f127a2202692afaeaccb50db55a31383"},
    {file = "pydantic_core-2.33.1-cp310-cp310-win_amd64.whl", hash = "sha256:694ad99a7f6718c1a498dc170ca430687a39894a60327f548e02a9c7ee4b6504"},
    {file = "pydantic_core-2.33.1-cp311-cp311-macosx_10_12_x86_64.whl", hash = "sha256:6e966fc3caaf9f1d96b349b0341c70c8d6573bf1bac7261f7b0ba88f96c56c24"},
    {file = "pydantic_core-2.33.1-cp311-cp311-macosx_11_0_arm64.whl", hash = "sha256:bfd0adeee563d59c598ceabddf2c92eec77abcb3f4a391b19aa7366170bd9e30"},
    {file = "pydantic_core-2.33.1-cp311-cp311-manylinux_2_17_aarch64.manylinux2014_aarch64.whl", hash = "sha256:91815221101ad3c6b507804178a7bb5cb7b2ead9ecd600041669c8d805ebd595"},
    {file = "pydantic_core-2.33.1-cp311-cp311-manylinux_2_17_armv7l.manylinux2014_armv7l.whl", hash = "sha256:9fea9c1869bb4742d174a57b4700c6dadea951df8b06de40c2fedb4f02931c2e"},
    {file = "pydantic_core-2.33.1-cp311-cp311-manylinux_2_17_ppc64le.manylinux2014_ppc64le.whl", hash = "sha256:1d20eb4861329bb2484c021b9d9a977566ab16d84000a57e28061151c62b349a"},
    {file = "pydantic_core-2.33.1-cp311-cp311-manylinux_2_17_s390x.manylinux2014_s390x.whl", hash = "sha256:0fb935c5591573ae3201640579f30128ccc10739b45663f93c06796854405505"},
    {file = "pydantic_core-2.33.1-cp311-cp311-manylinux_2_17_x86_64.manylinux2014_x86_64.whl", hash = "sha256:c964fd24e6166420d18fb53996d8c9fd6eac9bf5ae3ec3d03015be4414ce497f"},
    {file = "pydantic_core-2.33.1-cp311-cp311-manylinux_2_5_i686.manylinux1_i686.whl", hash = "sha256:681d65e9011f7392db5aa002b7423cc442d6a673c635668c227c6c8d0e5a4f77"},
    {file = "pydantic_core-2.33.1-cp311-cp311-musllinux_1_1_aarch64.whl", hash = "sha256:e100c52f7355a48413e2999bfb4e139d2977a904495441b374f3d4fb4a170961"},
    {file = "pydantic_core-2.33.1-cp311-cp311-musllinux_1_1_armv7l.whl", hash = "sha256:048831bd363490be79acdd3232f74a0e9951b11b2b4cc058aeb72b22fdc3abe1"},
    {file = "pydantic_core-2.33.1-cp311-cp311-musllinux_1_1_x86_64.whl", hash = "sha256:bdc84017d28459c00db6f918a7272a5190bec3090058334e43a76afb279eac7c"},
    {file = "pydantic_core-2.33.1-cp311-cp311-win32.whl", hash = "sha256:32cd11c5914d1179df70406427097c7dcde19fddf1418c787540f4b730289896"},
    {file = "pydantic_core-2.33.1-cp311-cp311-win_amd64.whl", hash = "sha256:2ea62419ba8c397e7da28a9170a16219d310d2cf4970dbc65c32faf20d828c83"},
    {file = "pydantic_core-2.33.1-cp311-cp311-win_arm64.whl", hash = "sha256:fc903512177361e868bc1f5b80ac8c8a6e05fcdd574a5fb5ffeac5a9982b9e89"},
    {file = "pydantic_core-2.33.1-cp312-cp312-macosx_10_12_x86_64.whl", hash = "sha256:1293d7febb995e9d3ec3ea09caf1a26214eec45b0f29f6074abb004723fc1de8"},
    {file = "pydantic_core-2.33.1-cp312-cp312-macosx_11_0_arm64.whl", hash = "sha256:99b56acd433386c8f20be5c4000786d1e7ca0523c8eefc995d14d79c7a081498"},
    {file = "pydantic_core-2.33.1-cp312-cp312-manylinux_2_17_aarch64.manylinux2014_aarch64.whl", hash = "sha256:35a5ec3fa8c2fe6c53e1b2ccc2454398f95d5393ab398478f53e1afbbeb4d939"},
    {file = "pydantic_core-2.33.1-cp312-cp312-manylinux_2_17_armv7l.manylinux2014_armv7l.whl", hash = "sha256:b172f7b9d2f3abc0efd12e3386f7e48b576ef309544ac3a63e5e9cdd2e24585d"},
    {file = "pydantic_core-2.33.1-cp312-cp312-manylinux_2_17_ppc64le.manylinux2014_ppc64le.whl", hash = "sha256:9097b9f17f91eea659b9ec58148c0747ec354a42f7389b9d50701610d86f812e"},
    {file = "pydantic_core-2.33.1-cp312-cp312-manylinux_2_17_s390x.manylinux2014_s390x.whl", hash = "sha256:cc77ec5b7e2118b152b0d886c7514a4653bcb58c6b1d760134a9fab915f777b3"},
    {file = "pydantic_core-2.33.1-cp312-cp312-manylinux_2_17_x86_64.manylinux2014_x86_64.whl", hash = "sha256:d5e3d15245b08fa4a84cefc6c9222e6f37c98111c8679fbd94aa145f9a0ae23d"},
    {file = "pydantic_core-2.33.1-cp312-cp312-manylinux_2_5_i686.manylinux1_i686.whl", hash = "sha256:ef99779001d7ac2e2461d8ab55d3373fe7315caefdbecd8ced75304ae5a6fc6b"},
    {file = "pydantic_core-2.33.1-cp312-cp312-musllinux_1_1_aarch64.whl", hash = "sha256:fc6bf8869e193855e8d91d91f6bf59699a5cdfaa47a404e278e776dd7f168b39"},
    {file = "pydantic_core-2.33.1-cp312-cp312-musllinux_1_1_armv7l.whl", hash = "sha256:b1caa0bc2741b043db7823843e1bde8aaa58a55a58fda06083b0569f8b45693a"},
    {file = "pydantic_core-2.33.1-cp312-cp312-musllinux_1_1_x86_64.whl", hash = "sha256:ec259f62538e8bf364903a7d0d0239447059f9434b284f5536e8402b7dd198db"},
    {file = "pydantic_core-2.33.1-cp312-cp312-win32.whl", hash = "sha256:e14f369c98a7c15772b9da98987f58e2b509a93235582838bd0d1d8c08b68fda"},
    {file = "pydantic_core-2.33.1-cp312-cp312-win_amd64.whl", hash = "sha256:1c607801d85e2e123357b3893f82c97a42856192997b95b4d8325deb1cd0c5f4"},
    {file = "pydantic_core-2.33.1-cp312-cp312-win_arm64.whl", hash = "sha256:8d13f0276806ee722e70a1c93da19748594f19ac4299c7e41237fc791d1861ea"},
    {file = "pydantic_core-2.33.1-cp313-cp313-macosx_10_12_x86_64.whl", hash = "sha256:70af6a21237b53d1fe7b9325b20e65cbf2f0a848cf77bed492b029139701e66a"},
    {file = "pydantic_core-2.33.1-cp313-cp313-macosx_11_0_arm64.whl", hash = "sha256:282b3fe1bbbe5ae35224a0dbd05aed9ccabccd241e8e6b60370484234b456266"},
    {file = "pydantic_core-2.33.1-cp313-cp313-manylinux_2_17_aarch64.manylinux2014_aarch64.whl", hash = "sha256:4b315e596282bbb5822d0c7ee9d255595bd7506d1cb20c2911a4da0b970187d3"},
    {file = "pydantic_core-2.33.1-cp313-cp313-manylinux_2_17_armv7l.manylinux2014_armv7l.whl", hash = "sha256:1dfae24cf9921875ca0ca6a8ecb4bb2f13c855794ed0d468d6abbec6e6dcd44a"},
    {file = "pydantic_core-2.33.1-cp313-cp313-manylinux_2_17_ppc64le.manylinux2014_ppc64le.whl", hash = "sha256:6dd8ecfde08d8bfadaea669e83c63939af76f4cf5538a72597016edfa3fad516"},
    {file = "pydantic_core-2.33.1-cp313-cp313-manylinux_2_17_s390x.manylinux2014_s390x.whl", hash = "sha256:2f593494876eae852dc98c43c6f260f45abdbfeec9e4324e31a481d948214764"},
    {file = "pydantic_core-2.33.1-cp313-cp313-manylinux_2_17_x86_64.manylinux2014_x86_64.whl", hash = "sha256:948b73114f47fd7016088e5186d13faf5e1b2fe83f5e320e371f035557fd264d"},
    {file = "pydantic_core-2.33.1-cp313-cp313-manylinux_2_5_i686.manylinux1_i686.whl", hash = "sha256:e11f3864eb516af21b01e25fac915a82e9ddad3bb0fb9e95a246067398b435a4"},
    {file = "pydantic_core-2.33.1-cp313-cp313-musllinux_1_1_aarch64.whl", hash = "sha256:549150be302428b56fdad0c23c2741dcdb5572413776826c965619a25d9c6bde"},
    {file = "pydantic_core-2.33.1-cp313-cp313-musllinux_1_1_armv7l.whl", hash = "sha256:495bc156026efafd9ef2d82372bd38afce78ddd82bf28ef5276c469e57c0c83e"},
    {file = "pydantic_core-2.33.1-cp313-cp313-musllinux_1_1_x86_64.whl", hash = "sha256:ec79de2a8680b1a67a07490bddf9636d5c2fab609ba8c57597e855fa5fa4dacd"},
    {file = "pydantic_core-2.33.1-cp313-cp313-win32.whl", hash = "sha256:ee12a7be1742f81b8a65b36c6921022301d466b82d80315d215c4c691724986f"},
    {file = "pydantic_core-2.33.1-cp313-cp313-win_amd64.whl", hash = "sha256:ede9b407e39949d2afc46385ce6bd6e11588660c26f80576c11c958e6647bc40"},
    {file = "pydantic_core-2.33.1-cp313-cp313-win_arm64.whl", hash = "sha256:aa687a23d4b7871a00e03ca96a09cad0f28f443690d300500603bd0adba4b523"},
    {file = "pydantic_core-2.33.1-cp313-cp313t-macosx_11_0_arm64.whl", hash = "sha256:401d7b76e1000d0dd5538e6381d28febdcacb097c8d340dde7d7fc6e13e9f95d"},
    {file = "pydantic_core-2.33.1-cp313-cp313t-manylinux_2_17_x86_64.manylinux2014_x86_64.whl", hash = "sha256:7aeb055a42d734c0255c9e489ac67e75397d59c6fbe60d155851e9782f276a9c"},
    {file = "pydantic_core-2.33.1-cp313-cp313t-win_amd64.whl", hash = "sha256:338ea9b73e6e109f15ab439e62cb3b78aa752c7fd9536794112e14bee02c8d18"},
    {file = "pydantic_core-2.33.1-pp310-pypy310_pp73-macosx_10_12_x86_64.whl", hash = "sha256:5c834f54f8f4640fd7e4b193f80eb25a0602bba9e19b3cd2fc7ffe8199f5ae02"},
    {file = "pydantic_core-2.33.1-pp310-pypy310_pp73-macosx_11_0_arm64.whl", hash = "sha256:049e0de24cf23766f12cc5cc71d8abc07d4a9deb9061b334b62093dedc7cb068"},
    {file = "pydantic_core-2.33.1-pp310-pypy310_pp73-manylinux_2_17_aarch64.manylinux2014_aarch64.whl", hash = "sha256:1a28239037b3d6f16916a4c831a5a0eadf856bdd6d2e92c10a0da3a59eadcf3e"},
    {file = "pydantic_core-2.33.1-pp310-pypy310_pp73-manylinux_2_17_x86_64.manylinux2014_x86_64.whl", hash = "sha256:9d3da303ab5f378a268fa7d45f37d7d85c3ec19769f28d2cc0c61826a8de21fe"},
    {file = "pydantic_core-2.33.1-pp310-pypy310_pp73-manylinux_2_5_i686.manylinux1_i686.whl", hash = "sha256:25626fb37b3c543818c14821afe0fd3830bc327a43953bc88db924b68c5723f1"},
    {file = "pydantic_core-2.33.1-pp310-pypy310_pp73-musllinux_1_1_aarch64.whl", hash = "sha256:3ab2d36e20fbfcce8f02d73c33a8a7362980cff717926bbae030b93ae46b56c7"},
    {file = "pydantic_core-2.33.1-pp310-pypy310_pp73-musllinux_1_1_armv7l.whl", hash = "sha256:2f9284e11c751b003fd4215ad92d325d92c9cb19ee6729ebd87e3250072cdcde"},
    {file = "pydantic_core-2.33.1-pp310-pypy310_pp73-musllinux_1_1_x86_64.whl", hash = "sha256:048c01eee07d37cbd066fc512b9d8b5ea88ceeb4e629ab94b3e56965ad655add"},
    {file = "pydantic_core-2.33.1-pp310-pypy310_pp73-win_amd64.whl", hash = "sha256:5ccd429694cf26af7997595d627dd2637e7932214486f55b8a357edaac9dae8c"},
    {file = "pydantic_core-2.33.1-pp311-pypy311_pp73-macosx_10_12_x86_64.whl", hash = "sha256:3a371dc00282c4b84246509a5ddc808e61b9864aa1eae9ecc92bb1268b82db4a"},
    {file = "pydantic_core-2.33.1-pp311-pypy311_pp73-macosx_11_0_arm64.whl", hash = "sha256:f59295ecc75a1788af8ba92f2e8c6eeaa5a94c22fc4d151e8d9638814f85c8fc"},
    {file = "pydantic_core-2.33.1-pp311-pypy311_pp73-manylinux_2_17_aarch64.manylinux2014_aarch64.whl", hash = "sha256:08530b8ac922003033f399128505f513e30ca770527cc8bbacf75a84fcc2c74b"},
    {file = "pydantic_core-2.33.1-pp311-pypy311_pp73-manylinux_2_17_x86_64.manylinux2014_x86_64.whl", hash = "sha256:bae370459da6a5466978c0eacf90690cb57ec9d533f8e63e564ef3822bfa04fe"},
    {file = "pydantic_core-2.33.1-pp311-pypy311_pp73-manylinux_2_5_i686.manylinux1_i686.whl", hash = "sha256:e3de2777e3b9f4d603112f78006f4ae0acb936e95f06da6cb1a45fbad6bdb4b5"},
    {file = "pydantic_core-2.33.1-pp311-pypy311_pp73-musllinux_1_1_aarch64.whl", hash = "sha256:3a64e81e8cba118e108d7126362ea30e021291b7805d47e4896e52c791be2761"},
    {file = "pydantic_core-2.33.1-pp311-pypy311_pp73-musllinux_1_1_armv7l.whl", hash = "sha256:52928d8c1b6bda03cc6d811e8923dffc87a2d3c8b3bfd2ce16471c7147a24850"},
    {file = "pydantic_core-2.33.1-pp311-pypy311_pp73-musllinux_1_1_x86_64.whl", hash = "sha256:1b30d92c9412beb5ac6b10a3eb7ef92ccb14e3f2a8d7732e2d739f58b3aa7544"},
    {file = "pydantic_core-2.33.1-pp311-pypy311_pp73-win_amd64.whl", hash = "sha256:f995719707e0e29f0f41a8aa3bcea6e761a36c9136104d3189eafb83f5cec5e5"},
    {file = "pydantic_core-2.33.1.tar.gz", hash = "sha256:bcc9c6fdb0ced789245b02b7d6603e17d1563064ddcfc36f046b61c0c05dd9df"},
]

[[package]]
name = "pydantic-settings"
version = "2.8.1"
summary = ""
dependencies = [
    "pydantic",
    "python-dotenv",
]
files = [
    {file = "pydantic_settings-2.8.1-py3-none-any.whl", hash = "sha256:81942d5ac3d905f7f3ee1a70df5dfb62d5569c12f51a5a647defc1c3d9ee2e9c"},
    {file = "pydantic_settings-2.8.1.tar.gz", hash = "sha256:d5c663dfbe9db9d5e1c646b2e161da12f0d734d422ee56f567d0ea2cee4e8585"},
]

[[package]]
name = "pyee"
version = "12.1.1"
summary = ""
dependencies = [
    "typing-extensions",
]
files = [
    {file = "pyee-12.1.1-py3-none-any.whl", hash = "sha256:18a19c650556bb6b32b406d7f017c8f513aceed1ef7ca618fb65de7bd2d347ef"},
    {file = "pyee-12.1.1.tar.gz", hash = "sha256:bbc33c09e2ff827f74191e3e5bbc6be7da02f627b7ec30d86f5ce1a6fb2424a3"},
]

[[package]]
name = "pygments"
version = "2.19.1"
summary = ""
files = [
    {file = "pygments-2.19.1-py3-none-any.whl", hash = "sha256:9ea1544ad55cecf4b8242fab6dd35a93bbce657034b0611ee383099054ab6d8c"},
    {file = "pygments-2.19.1.tar.gz", hash = "sha256:61c16d2a8576dc0649d9f39e089b5f02bcd27fba10d8fb4dcc28173f7a45151f"},
]

[[package]]
name = "python-dotenv"
version = "1.1.0"
summary = ""
files = [
    {file = "python_dotenv-1.1.0-py3-none-any.whl", hash = "sha256:d7c01d9e2293916c18baf562d95698754b0dbbb5e74d457c45d4f6561fb9d55d"},
    {file = "python_dotenv-1.1.0.tar.gz", hash = "sha256:41f90bc6f5f177fb41f53e87666db362025010eb28f60a01c9143bfa33a2b2d5"},
]

[[package]]
name = "rich"
version = "14.0.0"
summary = ""
dependencies = [
    "markdown-it-py",
    "pygments",
    "typing-extensions; python_full_version < \"3.11\"",
]
files = [
    {file = "rich-14.0.0-py3-none-any.whl", hash = "sha256:1c9491e1951aac09caffd42f448ee3d04e58923ffe14993f6e83068dc395d7e0"},
    {file = "rich-14.0.0.tar.gz", hash = "sha256:82f1bc23a6a21ebca4ae0c45af9bdbc492ed20231dcb63f297d6d1021a9d5725"},
]

[[package]]
name = "ruamel-yaml"
version = "0.18.10"
summary = ""
dependencies = [
    "ruamel-yaml-clib; python_full_version < \"3.13\" and platform_python_implementation == \"CPython\"",
]
files = [
    {file = "ruamel.yaml-0.18.10-py3-none-any.whl", hash = "sha256:30f22513ab2301b3d2b577adc121c6471f28734d3d9728581245f1e76468b4f1"},
    {file = "ruamel.yaml-0.18.10.tar.gz", hash = "sha256:20c86ab29ac2153f80a428e1254a8adf686d3383df04490514ca3b79a362db58"},
]

[[package]]
name = "ruamel-yaml-clib"
version = "0.2.12"
summary = ""
files = [
    {file = "ruamel.yaml.clib-0.2.12-cp310-cp310-macosx_13_0_arm64.whl", hash = "sha256:11f891336688faf5156a36293a9c362bdc7c88f03a8a027c2c1d8e0bcde998e5"},
    {file = "ruamel.yaml.clib-0.2.12-cp310-cp310-manylinux2014_aarch64.whl", hash = "sha256:a606ef75a60ecf3d924613892cc603b154178ee25abb3055db5062da811fd969"},
    {file = "ruamel.yaml.clib-0.2.12-cp310-cp310-manylinux_2_17_x86_64.manylinux2014_x86_64.whl", hash = "sha256:fd5415dded15c3822597455bc02bcd66e81ef8b7a48cb71a33628fc9fdde39df"},
    {file = "ruamel.yaml.clib-0.2.12-cp310-cp310-manylinux_2_5_i686.manylinux1_i686.manylinux_2_17_i686.manylinux2014_i686.whl", hash = "sha256:f66efbc1caa63c088dead1c4170d148eabc9b80d95fb75b6c92ac0aad2437d76"},
    {file = "ruamel.yaml.clib-0.2.12-cp310-cp310-musllinux_1_1_i686.whl", hash = "sha256:22353049ba4181685023b25b5b51a574bce33e7f51c759371a7422dcae5402a6"},
    {file = "ruamel.yaml.clib-0.2.12-cp310-cp310-musllinux_1_1_x86_64.whl", hash = "sha256:932205970b9f9991b34f55136be327501903f7c66830e9760a8ffb15b07f05cd"},
    {file = "ruamel.yaml.clib-0.2.12-cp310-cp310-musllinux_1_2_aarch64.whl", hash = "sha256:a52d48f4e7bf9005e8f0a89209bf9a73f7190ddf0489eee5eb51377385f59f2a"},
    {file = "ruamel.yaml.clib-0.2.12-cp310-cp310-win32.whl", hash = "sha256:3eac5a91891ceb88138c113f9db04f3cebdae277f5d44eaa3651a4f573e6a5da"},
    {file = "ruamel.yaml.clib-0.2.12-cp310-cp310-win_amd64.whl", hash = "sha256:ab007f2f5a87bd08ab1499bdf96f3d5c6ad4dcfa364884cb4549aa0154b13a28"},
    {file = "ruamel.yaml.clib-0.2.12-cp311-cp311-macosx_13_0_arm64.whl", hash = "sha256:4a6679521a58256a90b0d89e03992c15144c5f3858f40d7c18886023d7943db6"},
    {file = "ruamel.yaml.clib-0.2.12-cp311-cp311-manylinux2014_aarch64.whl", hash = "sha256:d84318609196d6bd6da0edfa25cedfbabd8dbde5140a0a23af29ad4b8f91fb1e"},
    {file = "ruamel.yaml.clib-0.2.12-cp311-cp311-manylinux_2_17_x86_64.manylinux2014_x86_64.whl", hash = "sha256:bb43a269eb827806502c7c8efb7ae7e9e9d0573257a46e8e952f4d4caba4f31e"},
    {file = "ruamel.yaml.clib-0.2.12-cp311-cp311-manylinux_2_5_i686.manylinux1_i686.manylinux_2_17_i686.manylinux2014_i686.whl", hash = "sha256:811ea1594b8a0fb466172c384267a4e5e367298af6b228931f273b111f17ef52"},
    {file = "ruamel.yaml.clib-0.2.12-cp311-cp311-musllinux_1_1_i686.whl", hash = "sha256:cf12567a7b565cbf65d438dec6cfbe2917d3c1bdddfce84a9930b7d35ea59642"},
    {file = "ruamel.yaml.clib-0.2.12-cp311-cp311-musllinux_1_1_x86_64.whl", hash = "sha256:7dd5adc8b930b12c8fc5b99e2d535a09889941aa0d0bd06f4749e9a9397c71d2"},
    {file = "ruamel.yaml.clib-0.2.12-cp311-cp311-musllinux_1_2_aarch64.whl", hash = "sha256:1492a6051dab8d912fc2adeef0e8c72216b24d57bd896ea607cb90bb0c4981d3"},
    {file = "ruamel.yaml.clib-0.2.12-cp311-cp311-win32.whl", hash = "sha256:bd0a08f0bab19093c54e18a14a10b4322e1eacc5217056f3c063bd2f59853ce4"},
    {file = "ruamel.yaml.clib-0.2.12-cp311-cp311-win_amd64.whl", hash = "sha256:a274fb2cb086c7a3dea4322ec27f4cb5cc4b6298adb583ab0e211a4682f241eb"},
    {file = "ruamel.yaml.clib-0.2.12-cp312-cp312-macosx_14_0_arm64.whl", hash = "sha256:20b0f8dc160ba83b6dcc0e256846e1a02d044e13f7ea74a3d1d56ede4e48c632"},
    {file = "ruamel.yaml.clib-0.2.12-cp312-cp312-manylinux2014_aarch64.whl", hash = "sha256:943f32bc9dedb3abff9879edc134901df92cfce2c3d5c9348f172f62eb2d771d"},
    {file = "ruamel.yaml.clib-0.2.12-cp312-cp312-manylinux_2_17_x86_64.manylinux2014_x86_64.whl", hash = "sha256:95c3829bb364fdb8e0332c9931ecf57d9be3519241323c5274bd82f709cebc0c"},
    {file = "ruamel.yaml.clib-0.2.12-cp312-cp312-manylinux_2_5_i686.manylinux1_i686.manylinux_2_17_i686.manylinux2014_i686.whl", hash = "sha256:749c16fcc4a2b09f28843cda5a193e0283e47454b63ec4b81eaa2242f50e4ccd"},
    {file = "ruamel.yaml.clib-0.2.12-cp312-cp312-musllinux_1_1_i686.whl", hash = "sha256:bf165fef1f223beae7333275156ab2022cffe255dcc51c27f066b4370da81e31"},
    {file = "ruamel.yaml.clib-0.2.12-cp312-cp312-musllinux_1_1_x86_64.whl", hash = "sha256:32621c177bbf782ca5a18ba4d7af0f1082a3f6e517ac2a18b3974d4edf349680"},
    {file = "ruamel.yaml.clib-0.2.12-cp312-cp312-musllinux_1_2_aarch64.whl", hash = "sha256:b82a7c94a498853aa0b272fd5bc67f29008da798d4f93a2f9f289feb8426a58d"},
    {file = "ruamel.yaml.clib-0.2.12-cp312-cp312-win32.whl", hash = "sha256:e8c4ebfcfd57177b572e2040777b8abc537cdef58a2120e830124946aa9b42c5"},
    {file = "ruamel.yaml.clib-0.2.12-cp312-cp312-win_amd64.whl", hash = "sha256:0467c5965282c62203273b838ae77c0d29d7638c8a4e3a1c8bdd3602c10904e4"},
    {file = "ruamel.yaml.clib-0.2.12-cp313-cp313-macosx_14_0_arm64.whl", hash = "sha256:4c8c5d82f50bb53986a5e02d1b3092b03622c02c2eb78e29bec33fd9593bae1a"},
    {file = "ruamel.yaml.clib-0.2.12-cp313-cp313-manylinux2014_aarch64.whl", hash = "sha256:e7e3736715fbf53e9be2a79eb4db68e4ed857017344d697e8b9749444ae57475"},
    {file = "ruamel.yaml.clib-0.2.12-cp313-cp313-manylinux_2_17_x86_64.manylinux2014_x86_64.whl", hash = "sha256:0b7e75b4965e1d4690e93021adfcecccbca7d61c7bddd8e22406ef2ff20d74ef"},
    {file = "ruamel.yaml.clib-0.2.12-cp313-cp313-manylinux_2_5_i686.manylinux1_i686.manylinux_2_17_i686.manylinux2014_i686.whl", hash = "sha256:96777d473c05ee3e5e3c3e999f5d23c6f4ec5b0c38c098b3a5229085f74236c6"},
    {file = "ruamel.yaml.clib-0.2.12-cp313-cp313-musllinux_1_1_i686.whl", hash = "sha256:3bc2a80e6420ca8b7d3590791e2dfc709c88ab9152c00eeb511c9875ce5778bf"},
    {file = "ruamel.yaml.clib-0.2.12-cp313-cp313-musllinux_1_1_x86_64.whl", hash = "sha256:e188d2699864c11c36cdfdada94d781fd5d6b0071cd9c427bceb08ad3d7c70e1"},
    {file = "ruamel.yaml.clib-0.2.12-cp313-cp313-musllinux_1_2_aarch64.whl", hash = "sha256:4f6f3eac23941b32afccc23081e1f50612bdbe4e982012ef4f5797986828cd01"},
    {file = "ruamel.yaml.clib-0.2.12-cp313-cp313-win32.whl", hash = "sha256:6442cb36270b3afb1b4951f060eccca1ce49f3d087ca1ca4563a6eb479cb3de6"},
    {file = "ruamel.yaml.clib-0.2.12-cp313-cp313-win_amd64.whl", hash = "sha256:e5b8daf27af0b90da7bb903a876477a9e6d7270be6146906b276605997c7e9a3"},
    {file = "ruamel.yaml.clib-0.2.12.tar.gz", hash = "sha256:6c8fbb13ec503f99a91901ab46e0b07ae7941cd527393187039aec586fdfd36f"},
]

[[package]]
name = "sniffio"
version = "1.3.1"
summary = ""
files = [
    {file = "sniffio-1.3.1-py3-none-any.whl", hash = "sha256:2f6da418d1f1e0fddd844478f41680e794e6051915791a034ff65e5f100525a2"},
    {file = "sniffio-1.3.1.tar.gz", hash = "sha256:f4324edc670a0f49750a81b895f35c3adb843cca46f0530f79fc1babb23789dc"},
]

[[package]]
name = "sse-starlette"
version = "2.2.1"
summary = ""
dependencies = [
    "anyio",
    "starlette",
]
files = [
    {file = "sse_starlette-2.2.1-py3-none-any.whl", hash = "sha256:6410a3d3ba0c89e7675d4c273a301d64649c03a5ef1ca101f10b47f895fd0e99"},
    {file = "sse_starlette-2.2.1.tar.gz", hash = "sha256:54470d5f19274aeed6b2d473430b08b4b379ea851d953b11d7f1c4a2c118b419"},
]

[[package]]
name = "starlette"
version = "0.46.1"
summary = ""
dependencies = [
    "anyio",
]
files = [
    {file = "starlette-0.46.1-py3-none-any.whl", hash = "sha256:77c74ed9d2720138b25875133f3a2dae6d854af2ec37dceb56aef370c1d8a227"},
    {file = "starlette-0.46.1.tar.gz", hash = "sha256:3c88d58ee4bd1bb807c0d1acb381838afc7752f9ddaec81bbe4383611d833230"},
]

[[package]]
name = "tqdm"
version = "4.67.1"
summary = ""
dependencies = [
    "colorama; platform_system == \"Windows\"",
]
files = [
    {file = "tqdm-4.67.1-py3-none-any.whl", hash = "sha256:26445eca388f82e72884e0d580d5464cd801a3ea01e63e5601bdff9ba6a48de2"},
    {file = "tqdm-4.67.1.tar.gz", hash = "sha256:f8aef9c52c08c13a65f30ea34f4e5aac3fd1a34959879d7e59e63027286627f2"},
]

[[package]]
name = "typing-extensions"
version = "4.13.1"
summary = ""
files = [
    {file = "typing_extensions-4.13.1-py3-none-any.whl", hash = "sha256:4b6cf02909eb5495cfbc3f6e8fd49217e6cc7944e145cdda8caa3734777f9e69"},
    {file = "typing_extensions-4.13.1.tar.gz", hash = "sha256:98795af00fb9640edec5b8e31fc647597b4691f099ad75f469a2616be1a76dff"},
]

[[package]]
name = "typing-inspection"
version = "0.4.0"
summary = ""
dependencies = [
    "typing-extensions",
]
files = [
    {file = "typing_inspection-0.4.0-py3-none-any.whl", hash = "sha256:50e72559fcd2a6367a19f7a7e610e6afcb9fac940c650290eed893d61386832f"},
    {file = "typing_inspection-0.4.0.tar.gz", hash = "sha256:9765c87de36671694a67904bf2c96e395be9c6439bb6c87b5142569dcdd65122"},
]

[[package]]
name = "unidiff"
version = "0.7.5"
summary = ""
files = [
    {file = "unidiff-0.7.5-py2.py3-none-any.whl", hash = "sha256:c93bf2265cc1ba2a520e415ab05da587370bc2a3ae9e0414329f54f0c2fc09e8"},
    {file = "unidiff-0.7.5.tar.gz", hash = "sha256:2e5f0162052248946b9f0970a40e9e124236bf86c82b70821143a6fc1dea2574"},
]

[[package]]
name = "uvicorn"
version = "0.34.0"
summary = ""
dependencies = [
    "click",
    "h11",
    "typing-extensions; python_full_version < \"3.11\"",
]
files = [
    {file = "uvicorn-0.34.0-py3-none-any.whl", hash = "sha256:023dc038422502fa28a09c7a30bf2b6991512da7dcdb8fd35fe57cfc154126f4"},
    {file = "uvicorn-0.34.0.tar.gz", hash = "sha256:404051050cd7e905de2c9a7e61790943440b3416f49cb409f965d9dcd0fa73e9"},
]
